
Microsoft Visual Studio Solution File, Format Version 12.00
# Visual Studio Version 16
VisualStudioVersion = 16.0.29709.97
MinimumVisualStudioVersion = 10.0.40219.1
Project("{00D1A9C2-B5F0-4AF3-8072-F6C62B433612}") = "UNStaistic.DB", "UNStaistic.DB\UNStaistic.DB.sqlproj", "{B8D41B7D-A8E6-403B-B3DB-0F413FB2F90E}"
EndProject
Project("{159641D6-6404-4A2A-AE62-294DE0FE8301}") = "UNstatistic.SSIS", "UNstatistic.SSIS\UNstatistic.SSIS.dtproj", "{341C84AF-B24D-4DD1-BAD5-D96B05671887}"
EndProject
Project("{2150E333-8FDC-42A3-9474-1A3956D46DE8}") = "SourceData", "SourceData", "{6581BC2F-3D02-4121-8D74-697B40F1E9DD}"
EndProject
Project("{2150E333-8FDC-42A3-9474-1A3956D46DE8}") = "UNCrime", "UNCrime", "{4917D409-3209-4D5A-8A22-E7D56ECDD770}"
	ProjectSection(SolutionItems) = preProject
		\\ECSC00A014AD\shared\UNStatistic.SourceData.DEV\UNCrime\bribery.csv = \\ECSC00A014AD\shared\UNStatistic.SourceData.DEV\UNCrime\bribery.csv
		\\ECSC00A014AD\shared\UNStatistic.SourceData.DEV\UNCrime\burglary.csv = \\ECSC00A014AD\shared\UNStatistic.SourceData.DEV\UNCrime\burglary.csv
		\\ECSC00A014AD\shared\UNStatistic.SourceData.DEV\UNCrime\corruption.csv = \\ECSC00A014AD\shared\UNStatistic.SourceData.DEV\UNCrime\corruption.csv
		\\ECSC00A014AD\shared\UNStatistic.SourceData.DEV\UNCrime\kidnapping.csv = \\ECSC00A014AD\shared\UNStatistic.SourceData.DEV\UNCrime\kidnapping.csv
		\\ECSC00A014AD\shared\UNStatistic.SourceData.DEV\UNCrime\robbery.csv = \\ECSC00A014AD\shared\UNStatistic.SourceData.DEV\UNCrime\robbery.csv
		\\ECSC00A014AD\shared\UNStatistic.SourceData.DEV\UNCrime\serious_assault.csv = \\ECSC00A014AD\shared\UNStatistic.SourceData.DEV\UNCrime\serious_assault.csv
		\\ECSC00A014AD\shared\UNStatistic.SourceData.DEV\UNCrime\theft.csv = \\ECSC00A014AD\shared\UNStatistic.SourceData.DEV\UNCrime\theft.csv
		\\ECSC00A014AD\shared\UNStatistic.SourceData.DEV\UNCrime\theft_private_cars.csv = \\ECSC00A014AD\shared\UNStatistic.SourceData.DEV\UNCrime\theft_private_cars.csv
	EndProjectSection
EndProject
Project("{2150E333-8FDC-42A3-9474-1A3956D46DE8}") = "CountryRef", "CountryRef", "{BA06244F-27D2-4E06-BCFD-5028B598A1D5}"
	ProjectSection(SolutionItems) = preProject
		\\ECSC00A014AD\shared\UNStatistic.SourceData.DEV\CountryRef\all.csv = \\ECSC00A014AD\shared\UNStatistic.SourceData.DEV\CountryRef\all.csv
	EndProjectSection
EndProject
Project("{2150E333-8FDC-42A3-9474-1A3956D46DE8}") = "WorldBank", "WorldBank", "{7A7EF9B7-572A-4A71-92F4-0A905E8B5700}"
	ProjectSection(SolutionItems) = preProject
		\\ECSC00A014AD\shared\UNStatistic.SourceData.DEV\Worldbank\API_SP.POP.TOTL_DS2_en_csv_v2_713131.csv = \\ECSC00A014AD\shared\UNStatistic.SourceData.DEV\Worldbank\API_SP.POP.TOTL_DS2_en_csv_v2_713131.csv
	EndProjectSection
EndProject
Project("{2150E333-8FDC-42A3-9474-1A3956D46DE8}") = "msbicourse", "msbicourse", "{3AF71481-B177-4D6D-8A37-4BDC86C72982}"
	ProjectSection(SolutionItems) = preProject
		\\ECSC00A014AD\shared\UNStatistic.SourceData.DEV\msbicourse\Customers_202002081637.csv = \\ECSC00A014AD\shared\UNStatistic.SourceData.DEV\msbicourse\Customers_202002081637.csv
		\\ECSC00A014AD\shared\UNStatistic.SourceData.DEV\msbicourse\fact.csv = \\ECSC00A014AD\shared\UNStatistic.SourceData.DEV\msbicourse\fact.csv
	EndProjectSection
EndProject
Global
	GlobalSection(SolutionConfigurationPlatforms) = preSolution
		Debug|Any CPU = Debug|Any CPU
		Development|Any CPU = Development|Any CPU
		Release|Any CPU = Release|Any CPU
	EndGlobalSection
	GlobalSection(ProjectConfigurationPlatforms) = postSolution
		{B8D41B7D-A8E6-403B-B3DB-0F413FB2F90E}.Debug|Any CPU.ActiveCfg = Debug|Any CPU
		{B8D41B7D-A8E6-403B-B3DB-0F413FB2F90E}.Debug|Any CPU.Build.0 = Debug|Any CPU
		{B8D41B7D-A8E6-403B-B3DB-0F413FB2F90E}.Debug|Any CPU.Deploy.0 = Debug|Any CPU
		{B8D41B7D-A8E6-403B-B3DB-0F413FB2F90E}.Development|Any CPU.ActiveCfg = Debug|Any CPU
		{B8D41B7D-A8E6-403B-B3DB-0F413FB2F90E}.Development|Any CPU.Build.0 = Debug|Any CPU
		{B8D41B7D-A8E6-403B-B3DB-0F413FB2F90E}.Development|Any CPU.Deploy.0 = Debug|Any CPU
		{B8D41B7D-A8E6-403B-B3DB-0F413FB2F90E}.Release|Any CPU.ActiveCfg = Release|Any CPU
		{B8D41B7D-A8E6-403B-B3DB-0F413FB2F90E}.Release|Any CPU.Build.0 = Release|Any CPU
		{B8D41B7D-A8E6-403B-B3DB-0F413FB2F90E}.Release|Any CPU.Deploy.0 = Release|Any CPU
		{341C84AF-B24D-4DD1-BAD5-D96B05671887}.Debug|Any CPU.ActiveCfg = Development
		{341C84AF-B24D-4DD1-BAD5-D96B05671887}.Debug|Any CPU.Build.0 = Development
		{341C84AF-B24D-4DD1-BAD5-D96B05671887}.Development|Any CPU.ActiveCfg = Development
		{341C84AF-B24D-4DD1-BAD5-D96B05671887}.Development|Any CPU.Build.0 = Development
		{341C84AF-B24D-4DD1-BAD5-D96B05671887}.Release|Any CPU.ActiveCfg = Development
		{341C84AF-B24D-4DD1-BAD5-D96B05671887}.Release|Any CPU.Build.0 = Development
	EndGlobalSection
	GlobalSection(SolutionProperties) = preSolution
		HideSolutionNode = FALSE
	EndGlobalSection
	GlobalSection(NestedProjects) = preSolution
		{4917D409-3209-4D5A-8A22-E7D56ECDD770} = {6581BC2F-3D02-4121-8D74-697B40F1E9DD}
		{BA06244F-27D2-4E06-BCFD-5028B598A1D5} = {6581BC2F-3D02-4121-8D74-697B40F1E9DD}
		{7A7EF9B7-572A-4A71-92F4-0A905E8B5700} = {6581BC2F-3D02-4121-8D74-697B40F1E9DD}
		{3AF71481-B177-4D6D-8A37-4BDC86C72982} = {6581BC2F-3D02-4121-8D74-697B40F1E9DD}
	EndGlobalSection
	GlobalSection(ExtensibilityGlobals) = postSolution
		SolutionGuid = {290A0129-821B-4C02-A2F7-C39381A1FDBA}
	EndGlobalSection
EndGlobal
